// !$*UTF8*$!
{
	archiveVersion = 1;
	classes = {
	};
	objectVersion = 50;
	objects = {

/* Begin PBXBuildFile section */
		DECA0B0625B196590058DC66 /* 2776.cpp in Sources */ = {isa = PBXBuildFile; fileRef = DECA0B0525B196590058DC66 /* 2776.cpp */; };
/* End PBXBuildFile section */

/* Begin PBXCopyFilesBuildPhase section */
		DEA207E025998FF6008C24B1 /* CopyFiles */ = {
			isa = PBXCopyFilesBuildPhase;
			buildActionMask = 2147483647;
			dstPath = /usr/share/man/man1/;
			dstSubfolderSpec = 0;
			files = (
			);
			runOnlyForDeploymentPostprocessing = 1;
		};
/* End PBXCopyFilesBuildPhase section */

/* Begin PBXFileReference section */
		DE890FD925A4747F0051B45D /* 10815.cpp */ = {isa = PBXFileReference; lastKnownFileType = sourcecode.cpp.cpp; path = 10815.cpp; sourceTree = "<group>"; };
		DE890FDD25A694CA0051B45D /* 1764.cpp */ = {isa = PBXFileReference; lastKnownFileType = sourcecode.cpp.cpp; path = 1764.cpp; sourceTree = "<group>"; };
		DE890FE025A70F820051B45D /* 2512.cpp */ = {isa = PBXFileReference; lastKnownFileType = sourcecode.cpp.cpp; path = 2512.cpp; sourceTree = "<group>"; };
		DE90480E25A424A10066392F /* 2110.cpp */ = {isa = PBXFileReference; lastKnownFileType = sourcecode.cpp.cpp; path = 2110.cpp; sourceTree = "<group>"; };
		DEA207E225998FF6008C24B1 /* BinarySearch */ = {isa = PBXFileReference; explicitFileType = "compiled.mach-o.executable"; includeInIndex = 0; path = BinarySearch; sourceTree = BUILT_PRODUCTS_DIR; };
		DEA207E525998FF6008C24B1 /* 10816.cpp */ = {isa = PBXFileReference; lastKnownFileType = sourcecode.cpp.cpp; path = 10816.cpp; sourceTree = "<group>"; };
		DEA207EE2599C124008C24B1 /* 10816-1.cpp */ = {isa = PBXFileReference; lastKnownFileType = sourcecode.cpp.cpp; path = "10816-1.cpp"; sourceTree = "<group>"; };
		DEBFB691259ADBB300884E74 /* 1654.cpp */ = {isa = PBXFileReference; lastKnownFileType = sourcecode.cpp.cpp; path = 1654.cpp; sourceTree = "<group>"; };
		DEBFB696259C5CD200884E74 /* 2805.cpp */ = {isa = PBXFileReference; lastKnownFileType = sourcecode.cpp.cpp; path = 2805.cpp; sourceTree = "<group>"; };
		DECA0AED25ADE20F0058DC66 /* 1789.cpp */ = {isa = PBXFileReference; lastKnownFileType = sourcecode.cpp.cpp; path = 1789.cpp; sourceTree = "<group>"; };
		DECA0AF125AEF4450058DC66 /* 1072.cpp */ = {isa = PBXFileReference; lastKnownFileType = sourcecode.cpp.cpp; path = 1072.cpp; sourceTree = "<group>"; };
		DECA0AFD25B08B6C0058DC66 /* 2343.cpp */ = {isa = PBXFileReference; lastKnownFileType = sourcecode.cpp.cpp; path = 2343.cpp; sourceTree = "<group>"; };
		DECA0B0125B193410058DC66 /* 6236.cpp */ = {isa = PBXFileReference; lastKnownFileType = sourcecode.cpp.cpp; path = 6236.cpp; sourceTree = "<group>"; };
		DECA0B0525B196590058DC66 /* 2776.cpp */ = {isa = PBXFileReference; lastKnownFileType = sourcecode.cpp.cpp; path = 2776.cpp; sourceTree = "<group>"; };
		DED4638F25A2D06B00229BAB /* 1934.cpp */ = {isa = PBXFileReference; lastKnownFileType = sourcecode.cpp.cpp; path = 1934.cpp; sourceTree = "<group>"; };
/* End PBXFileReference section */

/* Begin PBXFrameworksBuildPhase section */
		DEA207DF25998FF6008C24B1 /* Frameworks */ = {
			isa = PBXFrameworksBuildPhase;
			buildActionMask = 2147483647;
			files = (
			);
			runOnlyForDeploymentPostprocessing = 0;
		};
/* End PBXFrameworksBuildPhase section */

/* Begin PBXGroup section */
		DEA207D925998FF5008C24B1 = {
			isa = PBXGroup;
			children = (
				DEA207E425998FF6008C24B1 /* BinarySearch */,
				DEA207E325998FF6008C24B1 /* Products */,
			);
			sourceTree = "<group>";
		};
		DEA207E325998FF6008C24B1 /* Products */ = {
			isa = PBXGroup;
			children = (
				DEA207E225998FF6008C24B1 /* BinarySearch */,
			);
			name = Products;
			sourceTree = "<group>";
		};
		DEA207E425998FF6008C24B1 /* BinarySearch */ = {
			isa = PBXGroup;
			children = (
				DEA207E525998FF6008C24B1 /* 10816.cpp */,
				DEA207EE2599C124008C24B1 /* 10816-1.cpp */,
				DEBFB691259ADBB300884E74 /* 1654.cpp */,
				DEBFB696259C5CD200884E74 /* 2805.cpp */,
				DED4638F25A2D06B00229BAB /* 1934.cpp */,
				DE90480E25A424A10066392F /* 2110.cpp */,
				DE890FD925A4747F0051B45D /* 10815.cpp */,
				DE890FDD25A694CA0051B45D /* 1764.cpp */,
				DE890FE025A70F820051B45D /* 2512.cpp */,
				DECA0AED25ADE20F0058DC66 /* 1789.cpp */,
				DECA0AF125AEF4450058DC66 /* 1072.cpp */,
				DECA0AFD25B08B6C0058DC66 /* 2343.cpp */,
				DECA0B0125B193410058DC66 /* 6236.cpp */,
				DECA0B0525B196590058DC66 /* 2776.cpp */,
			);
			path = BinarySearch;
			sourceTree = "<group>";
		};
/* End PBXGroup section */

/* Begin PBXNativeTarget section */
		DEA207E125998FF6008C24B1 /* BinarySearch */ = {
			isa = PBXNativeTarget;
			buildConfigurationList = DEA207E925998FF6008C24B1 /* Build configuration list for PBXNativeTarget "BinarySearch" */;
			buildPhases = (
				DEA207DE25998FF6008C24B1 /* Sources */,
				DEA207DF25998FF6008C24B1 /* Frameworks */,
				DEA207E025998FF6008C24B1 /* CopyFiles */,
			);
			buildRules = (
			);
			dependencies = (
			);
			name = BinarySearch;
			productName = BinarySearch;
			productReference = DEA207E225998FF6008C24B1 /* BinarySearch */;
			productType = "com.apple.product-type.tool";
		};
/* End PBXNativeTarget section */

/* Begin PBXProject section */
		DEA207DA25998FF6008C24B1 /* Project object */ = {
			isa = PBXProject;
			attributes = {
				LastUpgradeCheck = 1220;
				TargetAttributes = {
					DEA207E125998FF6008C24B1 = {
						CreatedOnToolsVersion = 12.2;
					};
				};
			};
			buildConfigurationList = DEA207DD25998FF6008C24B1 /* Build configuration list for PBXProject "BinarySearch" */;
			compatibilityVersion = "Xcode 9.3";
			developmentRegion = en;
			hasScannedForEncodings = 0;
			knownRegions = (
				en,
				Base,
			);
			mainGroup = DEA207D925998FF5008C24B1;
			productRefGroup = DEA207E325998FF6008C24B1 /* Products */;
			projectDirPath = "";
			projectRoot = "";
			targets = (
				DEA207E125998FF6008C24B1 /* BinarySearch */,
			);
		};
/* End PBXProject section */

/* Begin PBXSourcesBuildPhase section */
		DEA207DE25998FF6008C24B1 /* Sources */ = {
			isa = PBXSourcesBuildPhase;
			buildActionMask = 2147483647;
			files = (
				DECA0B0625B196590058DC66 /* 2776.cpp in Sources */,
			);
			runOnlyForDeploymentPostprocessing = 0;
		};
/* End PBXSourcesBuildPhase section */

/* Begin XCBuildConfiguration section */
		DEA207E725998FF6008C24B1 /* Debug */ = {
			isa = XCBuildConfiguration;
			buildSettings = {
				ALWAYS_SEARCH_USER_PATHS = NO;
				CLANG_ANALYZER_NONNULL = YES;
				CLANG_ANALYZER_NUMBER_OBJECT_CONVERSION = YES_AGGRESSIVE;
				CLANG_CXX_LANGUAGE_STANDARD = "gnu++14";
				CLANG_CXX_LIBRARY = "libc++";
				CLANG_ENABLE_MODULES = YES;
				CLANG_ENABLE_OBJC_ARC = YES;
				CLANG_ENABLE_OBJC_WEAK = YES;
				CLANG_WARN_BLOCK_CAPTURE_AUTORELEASING = YES;
				CLANG_WARN_BOOL_CONVERSION = YES;
				CLANG_WARN_COMMA = YES;
				CLANG_WARN_CONSTANT_CONVERSION = YES;
				CLANG_WARN_DEPRECATED_OBJC_IMPLEMENTATIONS = YES;
				CLANG_WARN_DIRECT_OBJC_ISA_USAGE = YES_ERROR;
				CLANG_WARN_DOCUMENTATION_COMMENTS = YES;
				CLANG_WARN_EMPTY_BODY = YES;
				CLANG_WARN_ENUM_CONVERSION = YES;
				CLANG_WARN_INFINITE_RECURSION = YES;
				CLANG_WARN_INT_CONVERSION = YES;
				CLANG_WARN_NON_LITERAL_NULL_CONVERSION = YES;
				CLANG_WARN_OBJC_IMPLICIT_RETAIN_SELF = YES;
				CLANG_WARN_OBJC_LITERAL_CONVERSION = YES;
				CLANG_WARN_OBJC_ROOT_CLASS = YES_ERROR;
				CLANG_WARN_QUOTED_INCLUDE_IN_FRAMEWORK_HEADER = YES;
				CLANG_WARN_RANGE_LOOP_ANALYSIS = YES;
				CLANG_WARN_STRICT_PROTOTYPES = YES;
				CLANG_WARN_SUSPICIOUS_MOVE = YES;
				CLANG_WARN_UNGUARDED_AVAILABILITY = YES_AGGRESSIVE;
				CLANG_WARN_UNREACHABLE_CODE = YES;
				CLANG_WARN__DUPLICATE_METHOD_MATCH = YES;
				COPY_PHASE_STRIP = NO;
				DEBUG_INFORMATION_FORMAT = dwarf;
				ENABLE_STRICT_OBJC_MSGSEND = YES;
				ENABLE_TESTABILITY = YES;
				GCC_C_LANGUAGE_STANDARD = gnu11;
				GCC_DYNAMIC_NO_PIC = NO;
				GCC_NO_COMMON_BLOCKS = YES;
				GCC_OPTIMIZATION_LEVEL = 0;
				GCC_PREPROCESSOR_DEFINITIONS = (
					"DEBUG=1",
					"$(inherited)",
				);
				GCC_WARN_64_TO_32_BIT_CONVERSION = YES;
				GCC_WARN_ABOUT_RETURN_TYPE = YES_ERROR;
				GCC_WARN_UNDECLARED_SELECTOR = YES;
				GCC_WARN_UNINITIALIZED_AUTOS = YES_AGGRESSIVE;
				GCC_WARN_UNUSED_FUNCTION = YES;
				GCC_WARN_UNUSED_VARIABLE = YES;
				MACOSX_DEPLOYMENT_TARGET = 11.0;
				MTL_ENABLE_DEBUG_INFO = INCLUDE_SOURCE;
				MTL_FAST_MATH = YES;
				ONLY_ACTIVE_ARCH = YES;
				SDKROOT = macosx;
			};
			name = Debug;
		};
		DEA207E825998FF6008C24B1 /* Release */ = {
			isa = XCBuildConfiguration;
			buildSettings = {
				ALWAYS_SEARCH_USER_PATHS = NO;
				CLANG_ANALYZER_NONNULL = YES;
				CLANG_ANALYZER_NUMBER_OBJECT_CONVERSION = YES_AGGRESSIVE;
				CLANG_CXX_LANGUAGE_STANDARD = "gnu++14";
				CLANG_CXX_LIBRARY = "libc++";
				CLANG_ENABLE_MODULES = YES;
				CLANG_ENABLE_OBJC_ARC = YES;
				CLANG_ENABLE_OBJC_WEAK = YES;
				CLANG_WARN_BLOCK_CAPTURE_AUTORELEASING = YES;
				CLANG_WARN_BOOL_CONVERSION = YES;
				CLANG_WARN_COMMA = YES;
				CLANG_WARN_CONSTANT_CONVERSION = YES;
				CLANG_WARN_DEPRECATED_OBJC_IMPLEMENTATIONS = YES;
				CLANG_WARN_DIRECT_OBJC_ISA_USAGE = YES_ERROR;
				CLANG_WARN_DOCUMENTATION_COMMENTS = YES;
				CLANG_WARN_EMPTY_BODY = YES;
				CLANG_WARN_ENUM_CONVERSION = YES;
				CLANG_WARN_INFINITE_RECURSION = YES;
				CLANG_WARN_INT_CONVERSION = YES;
				CLANG_WARN_NON_LITERAL_NULL_CONVERSION = YES;
				CLANG_WARN_OBJC_IMPLICIT_RETAIN_SELF = YES;
				CLANG_WARN_OBJC_LITERAL_CONVERSION = YES;
				CLANG_WARN_OBJC_ROOT_CLASS = YES_ERROR;
				CLANG_WARN_QUOTED_INCLUDE_IN_FRAMEWORK_HEADER = YES;
				CLANG_WARN_RANGE_LOOP_ANALYSIS = YES;
				CLANG_WARN_STRICT_PROTOTYPES = YES;
				CLANG_WARN_SUSPICIOUS_MOVE = YES;
				CLANG_WARN_UNGUARDED_AVAILABILITY = YES_AGGRESSIVE;
				CLANG_WARN_UNREACHABLE_CODE = YES;
				CLANG_WARN__DUPLICATE_METHOD_MATCH = YES;
				COPY_PHASE_STRIP = NO;
				DEBUG_INFORMATION_FORMAT = "dwarf-with-dsym";
				ENABLE_NS_ASSERTIONS = NO;
				ENABLE_STRICT_OBJC_MSGSEND = YES;
				GCC_C_LANGUAGE_STANDARD = gnu11;
				GCC_NO_COMMON_BLOCKS = YES;
				GCC_WARN_64_TO_32_BIT_CONVERSION = YES;
				GCC_WARN_ABOUT_RETURN_TYPE = YES_ERROR;
				GCC_WARN_UNDECLARED_SELECTOR = YES;
				GCC_WARN_UNINITIALIZED_AUTOS = YES_AGGRESSIVE;
				GCC_WARN_UNUSED_FUNCTION = YES;
				GCC_WARN_UNUSED_VARIABLE = YES;
				MACOSX_DEPLOYMENT_TARGET = 11.0;
				MTL_ENABLE_DEBUG_INFO = NO;
				MTL_FAST_MATH = YES;
				SDKROOT = macosx;
			};
			name = Release;
		};
		DEA207EA25998FF6008C24B1 /* Debug */ = {
			isa = XCBuildConfiguration;
			buildSettings = {
				CODE_SIGN_STYLE = Automatic;
				DEVELOPMENT_TEAM = 9667HQFPGB;
				ENABLE_HARDENED_RUNTIME = YES;
				PRODUCT_NAME = "$(TARGET_NAME)";
			};
			name = Debug;
		};
		DEA207EB25998FF6008C24B1 /* Release */ = {
			isa = XCBuildConfiguration;
			buildSettings = {
				CODE_SIGN_STYLE = Automatic;
				DEVELOPMENT_TEAM = 9667HQFPGB;
				ENABLE_HARDENED_RUNTIME = YES;
				PRODUCT_NAME = "$(TARGET_NAME)";
			};
			name = Release;
		};
/* End XCBuildConfiguration section */

/* Begin XCConfigurationList section */
		DEA207DD25998FF6008C24B1 /* Build configuration list for PBXProject "BinarySearch" */ = {
			isa = XCConfigurationList;
			buildConfigurations = (
				DEA207E725998FF6008C24B1 /* Debug */,
				DEA207E825998FF6008C24B1 /* Release */,
			);
			defaultConfigurationIsVisible = 0;
			defaultConfigurationName = Release;
		};
		DEA207E925998FF6008C24B1 /* Build configuration list for PBXNativeTarget "BinarySearch" */ = {
			isa = XCConfigurationList;
			buildConfigurations = (
				DEA207EA25998FF6008C24B1 /* Debug */,
				DEA207EB25998FF6008C24B1 /* Release */,
			);
			defaultConfigurationIsVisible = 0;
			defaultConfigurationName = Release;
		};
/* End XCConfigurationList section */
	};
	rootObject = DEA207DA25998FF6008C24B1 /* Project object */;
}
