// !$*UTF8*$!
{
	archiveVersion = 1;
	classes = {
	};
	objectVersion = 50;
	objects = {

/* Begin PBXBuildFile section */
		CD2579042C299ACE00EC76D4 /* 11660.cpp in Sources */ = {isa = PBXBuildFile; fileRef = CD2579032C299ACE00EC76D4 /* 11660.cpp */; };
/* End PBXBuildFile section */

/* Begin PBXCopyFilesBuildPhase section */
		DEFA32AE24C071DA00889072 /* CopyFiles */ = {
			isa = PBXCopyFilesBuildPhase;
			buildActionMask = 2147483647;
			dstPath = /usr/share/man/man1/;
			dstSubfolderSpec = 0;
			files = (
			);
			runOnlyForDeploymentPostprocessing = 1;
		};
/* End PBXCopyFilesBuildPhase section */

/* Begin PBXFileReference section */
		CD2579032C299ACE00EC76D4 /* 11660.cpp */ = {isa = PBXFileReference; lastKnownFileType = sourcecode.cpp.cpp; path = 11660.cpp; sourceTree = "<group>"; };
		DE1066ED24F3B68300F2B86D /* 11004.cpp */ = {isa = PBXFileReference; lastKnownFileType = sourcecode.cpp.cpp; path = 11004.cpp; sourceTree = "<group>"; };
		DE183D0224EA9608003A5C17 /* 11053.cpp */ = {isa = PBXFileReference; lastKnownFileType = sourcecode.cpp.cpp; path = 11053.cpp; sourceTree = "<group>"; };
		DE183D0424EB8BD5003A5C17 /* 12865.cpp */ = {isa = PBXFileReference; lastKnownFileType = sourcecode.cpp.cpp; path = 12865.cpp; sourceTree = "<group>"; };
		DE183D0624EBE3C9003A5C17 /* 10844.cpp */ = {isa = PBXFileReference; lastKnownFileType = sourcecode.cpp.cpp; path = 10844.cpp; sourceTree = "<group>"; };
		DE5238472533323B00654E1E /* fibo_recursive.cpp */ = {isa = PBXFileReference; lastKnownFileType = sourcecode.cpp.cpp; path = fibo_recursive.cpp; sourceTree = "<group>"; };
		DE523849253333A900654E1E /* fibo_dp.cpp */ = {isa = PBXFileReference; lastKnownFileType = sourcecode.cpp.cpp; path = fibo_dp.cpp; sourceTree = "<group>"; };
		DE52384B2533388900654E1E /* integer_rectangle.cpp */ = {isa = PBXFileReference; lastKnownFileType = sourcecode.cpp.cpp; path = integer_rectangle.cpp; sourceTree = "<group>"; };
		DE52384D2533398600654E1E /* bico_dp.cpp */ = {isa = PBXFileReference; lastKnownFileType = sourcecode.cpp.cpp; path = bico_dp.cpp; sourceTree = "<group>"; };
		DE52384F25333D3800654E1E /* bico_dp_mem.cpp */ = {isa = PBXFileReference; lastKnownFileType = sourcecode.cpp.cpp; path = bico_dp_mem.cpp; sourceTree = "<group>"; };
		DE5238512533D6B700654E1E /* bico_dp_blank.cpp */ = {isa = PBXFileReference; lastKnownFileType = sourcecode.cpp.cpp; path = bico_dp_blank.cpp; sourceTree = "<group>"; };
		DE670BE624F54A2D000E65E4 /* 9095.cpp */ = {isa = PBXFileReference; lastKnownFileType = sourcecode.cpp.cpp; path = 9095.cpp; sourceTree = "<group>"; };
		DE670BE824F67A52000E65E4 /* 11054.cpp */ = {isa = PBXFileReference; lastKnownFileType = sourcecode.cpp.cpp; path = 11054.cpp; sourceTree = "<group>"; };
		DE670BEA24F7D74F000E65E4 /* 12015.cpp */ = {isa = PBXFileReference; lastKnownFileType = sourcecode.cpp.cpp; path = 12015.cpp; sourceTree = "<group>"; };
		DE78692824E6246D00F6B14A /* 2156.cpp */ = {isa = PBXFileReference; lastKnownFileType = sourcecode.cpp.cpp; path = 2156.cpp; sourceTree = "<group>"; };
		DE82EB4E24E1711300E9D81B /* 1149.cpp */ = {isa = PBXFileReference; lastKnownFileType = sourcecode.cpp.cpp; path = 1149.cpp; sourceTree = "<group>"; };
		DE82EB5024E17B4A00E9D81B /* 1149-1.cpp */ = {isa = PBXFileReference; lastKnownFileType = sourcecode.cpp.cpp; path = "1149-1.cpp"; sourceTree = "<group>"; };
		DE82EB5324E26C3500E9D81B /* 1932.cpp */ = {isa = PBXFileReference; lastKnownFileType = sourcecode.cpp.cpp; path = 1932.cpp; sourceTree = "<group>"; };
		DE85B92226AE82240090AE11 /* 9251.cpp */ = {isa = PBXFileReference; lastKnownFileType = sourcecode.cpp.cpp; path = 9251.cpp; sourceTree = "<group>"; };
		DEAC633C24E40D64004EA8E2 /* 2579.cpp */ = {isa = PBXFileReference; lastKnownFileType = sourcecode.cpp.cpp; path = 2579.cpp; sourceTree = "<group>"; };
		DEAC633E24E50526004EA8E2 /* 1463.cpp */ = {isa = PBXFileReference; lastKnownFileType = sourcecode.cpp.cpp; path = 1463.cpp; sourceTree = "<group>"; };
		DEBF86AB26899EB1006FE352 /* 11066.cpp */ = {isa = PBXFileReference; lastKnownFileType = sourcecode.cpp.cpp; path = 11066.cpp; sourceTree = "<group>"; };
		DEBF86AE2689B8F1006FE352 /* 11066-2.cpp */ = {isa = PBXFileReference; lastKnownFileType = sourcecode.cpp.cpp; path = "11066-2.cpp"; sourceTree = "<group>"; };
		DECA0AF925AFF3230058DC66 /* 9184.cpp */ = {isa = PBXFileReference; lastKnownFileType = sourcecode.cpp.cpp; path = 9184.cpp; sourceTree = "<group>"; };
		DEE52C9724EEA32C0083803E /* 11055.cpp */ = {isa = PBXFileReference; lastKnownFileType = sourcecode.cpp.cpp; path = 11055.cpp; sourceTree = "<group>"; };
		DEE9205224EFD0DF00617DE0 /* 11722.cpp */ = {isa = PBXFileReference; lastKnownFileType = sourcecode.cpp.cpp; path = 11722.cpp; sourceTree = "<group>"; };
		DEFA32B024C071DA00889072 /* DP */ = {isa = PBXFileReference; explicitFileType = "compiled.mach-o.executable"; includeInIndex = 0; path = DP; sourceTree = BUILT_PRODUCTS_DIR; };
		DEFA32B324C071DA00889072 /* 2748.cpp */ = {isa = PBXFileReference; lastKnownFileType = sourcecode.cpp.cpp; path = 2748.cpp; sourceTree = "<group>"; };
		DEFA32BA24C07CFE00889072 /* 1003.cpp */ = {isa = PBXFileReference; lastKnownFileType = sourcecode.cpp.cpp; path = 1003.cpp; sourceTree = "<group>"; };
		DEFA32C024C2D4F500889072 /* 1904.cpp */ = {isa = PBXFileReference; lastKnownFileType = sourcecode.cpp.cpp; path = 1904.cpp; sourceTree = "<group>"; };
		DEFA32C224C40A9B00889072 /* 9461.cpp */ = {isa = PBXFileReference; lastKnownFileType = sourcecode.cpp.cpp; path = 9461.cpp; sourceTree = "<group>"; };
/* End PBXFileReference section */

/* Begin PBXFrameworksBuildPhase section */
		DEFA32AD24C071DA00889072 /* Frameworks */ = {
			isa = PBXFrameworksBuildPhase;
			buildActionMask = 2147483647;
			files = (
			);
			runOnlyForDeploymentPostprocessing = 0;
		};
/* End PBXFrameworksBuildPhase section */

/* Begin PBXGroup section */
		DEFA32A724C071DA00889072 = {
			isa = PBXGroup;
			children = (
				DEFA32B224C071DA00889072 /* DP */,
				DEFA32B124C071DA00889072 /* Products */,
			);
			sourceTree = "<group>";
		};
		DEFA32B124C071DA00889072 /* Products */ = {
			isa = PBXGroup;
			children = (
				DEFA32B024C071DA00889072 /* DP */,
			);
			name = Products;
			sourceTree = "<group>";
		};
		DEFA32B224C071DA00889072 /* DP */ = {
			isa = PBXGroup;
			children = (
				DEFA32B324C071DA00889072 /* 2748.cpp */,
				DEFA32BA24C07CFE00889072 /* 1003.cpp */,
				DEFA32C024C2D4F500889072 /* 1904.cpp */,
				DEFA32C224C40A9B00889072 /* 9461.cpp */,
				DE82EB4E24E1711300E9D81B /* 1149.cpp */,
				DE82EB5024E17B4A00E9D81B /* 1149-1.cpp */,
				DE82EB5324E26C3500E9D81B /* 1932.cpp */,
				DEAC633C24E40D64004EA8E2 /* 2579.cpp */,
				DEAC633E24E50526004EA8E2 /* 1463.cpp */,
				DE78692824E6246D00F6B14A /* 2156.cpp */,
				DE183D0224EA9608003A5C17 /* 11053.cpp */,
				DE183D0624EBE3C9003A5C17 /* 10844.cpp */,
				DEE52C9724EEA32C0083803E /* 11055.cpp */,
				DEE9205224EFD0DF00617DE0 /* 11722.cpp */,
				DE1066ED24F3B68300F2B86D /* 11004.cpp */,
				DE670BE624F54A2D000E65E4 /* 9095.cpp */,
				DE670BE824F67A52000E65E4 /* 11054.cpp */,
				DE670BEA24F7D74F000E65E4 /* 12015.cpp */,
				DE183D0424EB8BD5003A5C17 /* 12865.cpp */,
				DE5238472533323B00654E1E /* fibo_recursive.cpp */,
				DE523849253333A900654E1E /* fibo_dp.cpp */,
				DE52384B2533388900654E1E /* integer_rectangle.cpp */,
				DE52384D2533398600654E1E /* bico_dp.cpp */,
				DE52384F25333D3800654E1E /* bico_dp_mem.cpp */,
				DE5238512533D6B700654E1E /* bico_dp_blank.cpp */,
				DECA0AF925AFF3230058DC66 /* 9184.cpp */,
				DEBF86AB26899EB1006FE352 /* 11066.cpp */,
				DEBF86AE2689B8F1006FE352 /* 11066-2.cpp */,
				DE85B92226AE82240090AE11 /* 9251.cpp */,
				CD2579032C299ACE00EC76D4 /* 11660.cpp */,
			);
			path = DP;
			sourceTree = "<group>";
		};
/* End PBXGroup section */

/* Begin PBXNativeTarget section */
		DEFA32AF24C071DA00889072 /* DP */ = {
			isa = PBXNativeTarget;
			buildConfigurationList = DEFA32B724C071DA00889072 /* Build configuration list for PBXNativeTarget "DP" */;
			buildPhases = (
				DEFA32AC24C071DA00889072 /* Sources */,
				DEFA32AD24C071DA00889072 /* Frameworks */,
				DEFA32AE24C071DA00889072 /* CopyFiles */,
			);
			buildRules = (
			);
			dependencies = (
			);
			name = DP;
			productName = DP;
			productReference = DEFA32B024C071DA00889072 /* DP */;
			productType = "com.apple.product-type.tool";
		};
/* End PBXNativeTarget section */

/* Begin PBXProject section */
		DEFA32A824C071DA00889072 /* Project object */ = {
			isa = PBXProject;
			attributes = {
				LastUpgradeCheck = 1150;
				ORGANIZATIONNAME = "임수정";
				TargetAttributes = {
					DEFA32AF24C071DA00889072 = {
						CreatedOnToolsVersion = 11.5;
					};
				};
			};
			buildConfigurationList = DEFA32AB24C071DA00889072 /* Build configuration list for PBXProject "DP" */;
			compatibilityVersion = "Xcode 9.3";
			developmentRegion = en;
			hasScannedForEncodings = 0;
			knownRegions = (
				en,
				Base,
			);
			mainGroup = DEFA32A724C071DA00889072;
			productRefGroup = DEFA32B124C071DA00889072 /* Products */;
			projectDirPath = "";
			projectRoot = "";
			targets = (
				DEFA32AF24C071DA00889072 /* DP */,
			);
		};
/* End PBXProject section */

/* Begin PBXSourcesBuildPhase section */
		DEFA32AC24C071DA00889072 /* Sources */ = {
			isa = PBXSourcesBuildPhase;
			buildActionMask = 2147483647;
			files = (
				CD2579042C299ACE00EC76D4 /* 11660.cpp in Sources */,
			);
			runOnlyForDeploymentPostprocessing = 0;
		};
/* End PBXSourcesBuildPhase section */

/* Begin XCBuildConfiguration section */
		DEFA32B524C071DA00889072 /* Debug */ = {
			isa = XCBuildConfiguration;
			buildSettings = {
				ALWAYS_SEARCH_USER_PATHS = NO;
				CLANG_ANALYZER_NONNULL = YES;
				CLANG_ANALYZER_NUMBER_OBJECT_CONVERSION = YES_AGGRESSIVE;
				CLANG_CXX_LANGUAGE_STANDARD = "gnu++14";
				CLANG_CXX_LIBRARY = "libc++";
				CLANG_ENABLE_MODULES = YES;
				CLANG_ENABLE_OBJC_ARC = YES;
				CLANG_ENABLE_OBJC_WEAK = YES;
				CLANG_WARN_BLOCK_CAPTURE_AUTORELEASING = YES;
				CLANG_WARN_BOOL_CONVERSION = YES;
				CLANG_WARN_COMMA = YES;
				CLANG_WARN_CONSTANT_CONVERSION = YES;
				CLANG_WARN_DEPRECATED_OBJC_IMPLEMENTATIONS = YES;
				CLANG_WARN_DIRECT_OBJC_ISA_USAGE = YES_ERROR;
				CLANG_WARN_DOCUMENTATION_COMMENTS = YES;
				CLANG_WARN_EMPTY_BODY = YES;
				CLANG_WARN_ENUM_CONVERSION = YES;
				CLANG_WARN_INFINITE_RECURSION = YES;
				CLANG_WARN_INT_CONVERSION = YES;
				CLANG_WARN_NON_LITERAL_NULL_CONVERSION = YES;
				CLANG_WARN_OBJC_IMPLICIT_RETAIN_SELF = YES;
				CLANG_WARN_OBJC_LITERAL_CONVERSION = YES;
				CLANG_WARN_OBJC_ROOT_CLASS = YES_ERROR;
				CLANG_WARN_RANGE_LOOP_ANALYSIS = YES;
				CLANG_WARN_STRICT_PROTOTYPES = YES;
				CLANG_WARN_SUSPICIOUS_MOVE = YES;
				CLANG_WARN_UNGUARDED_AVAILABILITY = YES_AGGRESSIVE;
				CLANG_WARN_UNREACHABLE_CODE = YES;
				CLANG_WARN__DUPLICATE_METHOD_MATCH = YES;
				COPY_PHASE_STRIP = NO;
				DEBUG_INFORMATION_FORMAT = dwarf;
				ENABLE_STRICT_OBJC_MSGSEND = YES;
				ENABLE_TESTABILITY = YES;
				GCC_C_LANGUAGE_STANDARD = gnu11;
				GCC_DYNAMIC_NO_PIC = NO;
				GCC_NO_COMMON_BLOCKS = YES;
				GCC_OPTIMIZATION_LEVEL = 0;
				GCC_PREPROCESSOR_DEFINITIONS = (
					"DEBUG=1",
					"$(inherited)",
				);
				GCC_WARN_64_TO_32_BIT_CONVERSION = YES;
				GCC_WARN_ABOUT_RETURN_TYPE = YES_ERROR;
				GCC_WARN_UNDECLARED_SELECTOR = YES;
				GCC_WARN_UNINITIALIZED_AUTOS = YES_AGGRESSIVE;
				GCC_WARN_UNUSED_FUNCTION = YES;
				GCC_WARN_UNUSED_VARIABLE = YES;
				MACOSX_DEPLOYMENT_TARGET = 10.15;
				MTL_ENABLE_DEBUG_INFO = INCLUDE_SOURCE;
				MTL_FAST_MATH = YES;
				ONLY_ACTIVE_ARCH = YES;
				SDKROOT = macosx;
			};
			name = Debug;
		};
		DEFA32B624C071DA00889072 /* Release */ = {
			isa = XCBuildConfiguration;
			buildSettings = {
				ALWAYS_SEARCH_USER_PATHS = NO;
				CLANG_ANALYZER_NONNULL = YES;
				CLANG_ANALYZER_NUMBER_OBJECT_CONVERSION = YES_AGGRESSIVE;
				CLANG_CXX_LANGUAGE_STANDARD = "gnu++14";
				CLANG_CXX_LIBRARY = "libc++";
				CLANG_ENABLE_MODULES = YES;
				CLANG_ENABLE_OBJC_ARC = YES;
				CLANG_ENABLE_OBJC_WEAK = YES;
				CLANG_WARN_BLOCK_CAPTURE_AUTORELEASING = YES;
				CLANG_WARN_BOOL_CONVERSION = YES;
				CLANG_WARN_COMMA = YES;
				CLANG_WARN_CONSTANT_CONVERSION = YES;
				CLANG_WARN_DEPRECATED_OBJC_IMPLEMENTATIONS = YES;
				CLANG_WARN_DIRECT_OBJC_ISA_USAGE = YES_ERROR;
				CLANG_WARN_DOCUMENTATION_COMMENTS = YES;
				CLANG_WARN_EMPTY_BODY = YES;
				CLANG_WARN_ENUM_CONVERSION = YES;
				CLANG_WARN_INFINITE_RECURSION = YES;
				CLANG_WARN_INT_CONVERSION = YES;
				CLANG_WARN_NON_LITERAL_NULL_CONVERSION = YES;
				CLANG_WARN_OBJC_IMPLICIT_RETAIN_SELF = YES;
				CLANG_WARN_OBJC_LITERAL_CONVERSION = YES;
				CLANG_WARN_OBJC_ROOT_CLASS = YES_ERROR;
				CLANG_WARN_RANGE_LOOP_ANALYSIS = YES;
				CLANG_WARN_STRICT_PROTOTYPES = YES;
				CLANG_WARN_SUSPICIOUS_MOVE = YES;
				CLANG_WARN_UNGUARDED_AVAILABILITY = YES_AGGRESSIVE;
				CLANG_WARN_UNREACHABLE_CODE = YES;
				CLANG_WARN__DUPLICATE_METHOD_MATCH = YES;
				COPY_PHASE_STRIP = NO;
				DEBUG_INFORMATION_FORMAT = "dwarf-with-dsym";
				ENABLE_NS_ASSERTIONS = NO;
				ENABLE_STRICT_OBJC_MSGSEND = YES;
				GCC_C_LANGUAGE_STANDARD = gnu11;
				GCC_NO_COMMON_BLOCKS = YES;
				GCC_WARN_64_TO_32_BIT_CONVERSION = YES;
				GCC_WARN_ABOUT_RETURN_TYPE = YES_ERROR;
				GCC_WARN_UNDECLARED_SELECTOR = YES;
				GCC_WARN_UNINITIALIZED_AUTOS = YES_AGGRESSIVE;
				GCC_WARN_UNUSED_FUNCTION = YES;
				GCC_WARN_UNUSED_VARIABLE = YES;
				MACOSX_DEPLOYMENT_TARGET = 10.15;
				MTL_ENABLE_DEBUG_INFO = NO;
				MTL_FAST_MATH = YES;
				SDKROOT = macosx;
			};
			name = Release;
		};
		DEFA32B824C071DA00889072 /* Debug */ = {
			isa = XCBuildConfiguration;
			buildSettings = {
				CODE_SIGN_STYLE = Automatic;
				DEVELOPMENT_TEAM = 9667HQFPGB;
				ENABLE_HARDENED_RUNTIME = YES;
				PRODUCT_NAME = "$(TARGET_NAME)";
			};
			name = Debug;
		};
		DEFA32B924C071DA00889072 /* Release */ = {
			isa = XCBuildConfiguration;
			buildSettings = {
				CODE_SIGN_STYLE = Automatic;
				DEVELOPMENT_TEAM = 9667HQFPGB;
				ENABLE_HARDENED_RUNTIME = YES;
				PRODUCT_NAME = "$(TARGET_NAME)";
			};
			name = Release;
		};
/* End XCBuildConfiguration section */

/* Begin XCConfigurationList section */
		DEFA32AB24C071DA00889072 /* Build configuration list for PBXProject "DP" */ = {
			isa = XCConfigurationList;
			buildConfigurations = (
				DEFA32B524C071DA00889072 /* Debug */,
				DEFA32B624C071DA00889072 /* Release */,
			);
			defaultConfigurationIsVisible = 0;
			defaultConfigurationName = Release;
		};
		DEFA32B724C071DA00889072 /* Build configuration list for PBXNativeTarget "DP" */ = {
			isa = XCConfigurationList;
			buildConfigurations = (
				DEFA32B824C071DA00889072 /* Debug */,
				DEFA32B924C071DA00889072 /* Release */,
			);
			defaultConfigurationIsVisible = 0;
			defaultConfigurationName = Release;
		};
/* End XCConfigurationList section */
	};
	rootObject = DEFA32A824C071DA00889072 /* Project object */;
}
